
Microsoft Visual Studio Solution File, Format Version 12.00
# Visual Studio Version 17
VisualStudioVersion = 17.6.33723.286
MinimumVisualStudioVersion = 10.0.40219.1
Project("{FAE04EC0-301F-11D3-BF4B-00C04F79EFBC}") = "LAB-Fashion-API", "LAB-Fashion-API\LAB-Fashion-API.csproj", "{FFA742BF-46DD-4BC8-87F5-77C180927671}"
EndProject
Global
	GlobalSection(SolutionConfigurationPlatforms) = preSolution
		Debug|Any CPU = Debug|Any CPU
		Release|Any CPU = Release|Any CPU
	EndGlobalSection
	GlobalSection(ProjectConfigurationPlatforms) = postSolution
		{FFA742BF-46DD-4BC8-87F5-77C180927671}.Debug|Any CPU.ActiveCfg = Debug|Any CPU
		{FFA742BF-46DD-4BC8-87F5-77C180927671}.Debug|Any CPU.Build.0 = Debug|Any CPU
		{FFA742BF-46DD-4BC8-87F5-77C180927671}.Release|Any CPU.ActiveCfg = Release|Any CPU
		{FFA742BF-46DD-4BC8-87F5-77C180927671}.Release|Any CPU.Build.0 = Release|Any CPU
	EndGlobalSection
	GlobalSection(SolutionProperties) = preSolution
		HideSolutionNode = FALSE
	EndGlobalSection
	GlobalSection(ExtensibilityGlobals) = postSolution
		SolutionGuid = {A4AB2F86-6958-40C8-8A4A-9EFBDD51DF04}
	EndGlobalSection
EndGlobal
